
Microsoft Visual Studio Solution File, Format Version 12.00
# Visual Studio Version 17
VisualStudioVersion = 17.13.35825.156 d17.13
MinimumVisualStudioVersion = 10.0.40219.1
Project("{FAE04EC0-301F-11D3-BF4B-00C04F79EFBC}") = "PinquarkWMSSynchro", "PinquarkWMSSynchro.csproj", "{A96743D8-5F2E-414F-941D-EE75A3632896}"
EndProject
Global
	GlobalSection(SolutionConfigurationPlatforms) = preSolution
		Debug|Any CPU = Debug|Any CPU
		Release|Any CPU = Release|Any CPU
	EndGlobalSection
	GlobalSection(ProjectConfigurationPlatforms) = postSolution
		{A96743D8-5F2E-414F-941D-EE75A3632896}.Debug|Any CPU.ActiveCfg = Debug|Any CPU
		{A96743D8-5F2E-414F-941D-EE75A3632896}.Debug|Any CPU.Build.0 = Debug|Any CPU
		{A96743D8-5F2E-414F-941D-EE75A3632896}.Release|Any CPU.ActiveCfg = Release|Any CPU
		{A96743D8-5F2E-414F-941D-EE75A3632896}.Release|Any CPU.Build.0 = Release|Any CPU
	EndGlobalSection
	GlobalSection(SolutionProperties) = preSolution
		HideSolutionNode = FALSE
	EndGlobalSection
	GlobalSection(ExtensibilityGlobals) = postSolution
		SolutionGuid = {9BFFF45D-0680-4B1A-9D10-55E6F9DC5613}
	EndGlobalSection
EndGlobal
